{
  "nodes": {
    "nixpkgs": {
      "locked": {
        "lastModified": 1659914493,
        "narHash": "sha256-lkA5X3VNMKirvA+SUzvEhfA7XquWLci+CGi505YFAIs=",
        "rev": "022caabb5f2265ad4006c1fa5b1ebe69fb0c3faf",
        "revCount": 296223,
        "type": "tarball",
        "url": "https://api.flakehub.com/f/pinned/NixOS/nixpkgs/0.2105.296223%2Brev-022caabb5f2265ad4006c1fa5b1ebe69fb0c3faf/018ad8ae-6124-7c92-bc62-7b5a38f52056/source.tar.gz"
      },
      "original": {
        "type": "tarball",
        "url": "https://flakehub.com/f/NixOS/nixpkgs/0.2105.296223.tar.gz"
      }
    },
    "root": {
      "inputs": {
        "nixpkgs": "nixpkgs"
      }
    }
  },
  "root": "root",
  "version": 7
}
