{
  "nodes": {
    "nixpkgs": {
      "locked": {
        "lastModified": 1638524418,
        "narHash": "sha256-DVNPnRpqgr8GQC3uw4Qwq5HuqDMJYV65fGBPAdudDCs=",
        "owner": "nixos",
        "repo": "nixpkgs",
        "rev": "5854a24cfccd5d7e9d487937d65cb668ffc6831c",
        "type": "github"
      },
      "original": {
        "owner": "nixos",
        "ref": "nixos-21.05",
        "repo": "nixpkgs",
        "type": "github"
      }
    },
    "root": {
      "inputs": {
        "nixpkgs": "nixpkgs"
      }
    }
  },
  "root": "root",
  "version": 7
}
